// !$*UTF8*$!
{
	archiveVersion = 1;
	classes = {
	};
	objectVersion = 46;
	objects = {

/* Begin PBXBuildFile section */
		6B2451B21A0908AA005F4CEF /* main.m in Sources */ = {isa = PBXBuildFile; fileRef = 6B2451B11A0908AA005F4CEF /* main.m */; };
		6B2451B51A0908AA005F4CEF /* AppDelegate.m in Sources */ = {isa = PBXBuildFile; fileRef = 6B2451B41A0908AA005F4CEF /* AppDelegate.m */; };
		6B2451B81A0908AA005F4CEF /* Beaver.xcdatamodeld in Sources */ = {isa = PBXBuildFile; fileRef = 6B2451B61A0908AA005F4CEF /* Beaver.xcdatamodeld */; };
		6B2451BB1A0908AA005F4CEF /* MainViewController.m in Sources */ = {isa = PBXBuildFile; fileRef = 6B2451BA1A0908AA005F4CEF /* MainViewController.m */; };
		6B2451BE1A0908AA005F4CEF /* Main.storyboard in Resources */ = {isa = PBXBuildFile; fileRef = 6B2451BC1A0908AA005F4CEF /* Main.storyboard */; };
		6B2451C01A0908AA005F4CEF /* Images.xcassets in Resources */ = {isa = PBXBuildFile; fileRef = 6B2451BF1A0908AA005F4CEF /* Images.xcassets */; };
		6B2451C31A0908AA005F4CEF /* LaunchScreen.xib in Resources */ = {isa = PBXBuildFile; fileRef = 6B2451C11A0908AA005F4CEF /* LaunchScreen.xib */; };
		6B2451CF1A0908AA005F4CEF /* BeaverTests.m in Sources */ = {isa = PBXBuildFile; fileRef = 6B2451CE1A0908AA005F4CEF /* BeaverTests.m */; };
		6B2451DF1A09D010005F4CEF /* EditPhotoViewController.m in Sources */ = {isa = PBXBuildFile; fileRef = 6B2451DE1A09D010005F4CEF /* EditPhotoViewController.m */; };
		6B2452171A0A2F45005F4CEF /* ToolCell.m in Sources */ = {isa = PBXBuildFile; fileRef = 6B2452161A0A2F45005F4CEF /* ToolCell.m */; };
		6B24521E1A0A57AE005F4CEF /* ToolCellInfo.m in Sources */ = {isa = PBXBuildFile; fileRef = 6B24521D1A0A57AE005F4CEF /* ToolCellInfo.m */; };
		6B2452211A0B46CD005F4CEF /* UIImageView+Cropping.m in Sources */ = {isa = PBXBuildFile; fileRef = 6B2452201A0B46CD005F4CEF /* UIImageView+Cropping.m */; };
		6B691EBA1A0939AC00931CF9 /* PhotoCell.m in Sources */ = {isa = PBXBuildFile; fileRef = 6B691EB91A0939AC00931CF9 /* PhotoCell.m */; };
		6BA831D51A109D2A007F549D /* TunePhotoViewController.m in Sources */ = {isa = PBXBuildFile; fileRef = 6BA831D41A109D2A007F549D /* TunePhotoViewController.m */; };
		6BE9A9F51A0C74B600EB2DE8 /* AVFoundation.framework in Frameworks */ = {isa = PBXBuildFile; fileRef = 6BE9A9F41A0C74B600EB2DE8 /* AVFoundation.framework */; };
		6BE9A9F81A0CFB5600EB2DE8 /* NoAnimationSegue.m in Sources */ = {isa = PBXBuildFile; fileRef = 6BE9A9F71A0CFB5600EB2DE8 /* NoAnimationSegue.m */; };
		6BE9AA051A0CFDD400EB2DE8 /* CroppingPhotoViewController.m in Sources */ = {isa = PBXBuildFile; fileRef = 6BE9AA041A0CFDD400EB2DE8 /* CroppingPhotoViewController.m */; };
/* End PBXBuildFile section */

/* Begin PBXContainerItemProxy section */
		6B2451C91A0908AA005F4CEF /* PBXContainerItemProxy */ = {
			isa = PBXContainerItemProxy;
			containerPortal = 6B2451A41A0908AA005F4CEF /* Project object */;
			proxyType = 1;
			remoteGlobalIDString = 6B2451AB1A0908AA005F4CEF;
			remoteInfo = Beaver;
		};
/* End PBXContainerItemProxy section */

/* Begin PBXFileReference section */
		6B2451AC1A0908AA005F4CEF /* Beaver.app */ = {isa = PBXFileReference; explicitFileType = wrapper.application; includeInIndex = 0; path = Beaver.app; sourceTree = BUILT_PRODUCTS_DIR; };
		6B2451B01A0908AA005F4CEF /* Info.plist */ = {isa = PBXFileReference; lastKnownFileType = text.plist.xml; path = Info.plist; sourceTree = "<group>"; };
		6B2451B11A0908AA005F4CEF /* main.m */ = {isa = PBXFileReference; lastKnownFileType = sourcecode.c.objc; path = main.m; sourceTree = "<group>"; };
		6B2451B31A0908AA005F4CEF /* AppDelegate.h */ = {isa = PBXFileReference; lastKnownFileType = sourcecode.c.h; path = AppDelegate.h; sourceTree = "<group>"; };
		6B2451B41A0908AA005F4CEF /* AppDelegate.m */ = {isa = PBXFileReference; lastKnownFileType = sourcecode.c.objc; path = AppDelegate.m; sourceTree = "<group>"; };
		6B2451B71A0908AA005F4CEF /* Beaver.xcdatamodel */ = {isa = PBXFileReference; lastKnownFileType = wrapper.xcdatamodel; path = Beaver.xcdatamodel; sourceTree = "<group>"; };
		6B2451B91A0908AA005F4CEF /* MainViewController.h */ = {isa = PBXFileReference; lastKnownFileType = sourcecode.c.h; path = MainViewController.h; sourceTree = "<group>"; };
		6B2451BA1A0908AA005F4CEF /* MainViewController.m */ = {isa = PBXFileReference; lastKnownFileType = sourcecode.c.objc; path = MainViewController.m; sourceTree = "<group>"; };
		6B2451BD1A0908AA005F4CEF /* Base */ = {isa = PBXFileReference; lastKnownFileType = file.storyboard; name = Base; path = Base.lproj/Main.storyboard; sourceTree = "<group>"; };
		6B2451BF1A0908AA005F4CEF /* Images.xcassets */ = {isa = PBXFileReference; lastKnownFileType = folder.assetcatalog; path = Images.xcassets; sourceTree = "<group>"; };
		6B2451C21A0908AA005F4CEF /* Base */ = {isa = PBXFileReference; lastKnownFileType = file.xib; name = Base; path = Base.lproj/LaunchScreen.xib; sourceTree = "<group>"; };
		6B2451C81A0908AA005F4CEF /* BeaverTests.xctest */ = {isa = PBXFileReference; explicitFileType = wrapper.cfbundle; includeInIndex = 0; path = BeaverTests.xctest; sourceTree = BUILT_PRODUCTS_DIR; };
		6B2451CD1A0908AA005F4CEF /* Info.plist */ = {isa = PBXFileReference; lastKnownFileType = text.plist.xml; path = Info.plist; sourceTree = "<group>"; };
		6B2451CE1A0908AA005F4CEF /* BeaverTests.m */ = {isa = PBXFileReference; lastKnownFileType = sourcecode.c.objc; path = BeaverTests.m; sourceTree = "<group>"; };
		6B2451DC1A09158C005F4CEF /* Logs.h */ = {isa = PBXFileReference; lastKnownFileType = sourcecode.c.h; path = Logs.h; sourceTree = "<group>"; };
		6B2451DD1A09D010005F4CEF /* EditPhotoViewController.h */ = {isa = PBXFileReference; fileEncoding = 4; lastKnownFileType = sourcecode.c.h; path = EditPhotoViewController.h; sourceTree = "<group>"; };
		6B2451DE1A09D010005F4CEF /* EditPhotoViewController.m */ = {isa = PBXFileReference; fileEncoding = 4; lastKnownFileType = sourcecode.c.objc; path = EditPhotoViewController.m; sourceTree = "<group>"; };
		6B2452151A0A2F45005F4CEF /* ToolCell.h */ = {isa = PBXFileReference; fileEncoding = 4; lastKnownFileType = sourcecode.c.h; path = ToolCell.h; sourceTree = "<group>"; };
		6B2452161A0A2F45005F4CEF /* ToolCell.m */ = {isa = PBXFileReference; fileEncoding = 4; lastKnownFileType = sourcecode.c.objc; path = ToolCell.m; sourceTree = "<group>"; };
		6B24521C1A0A57AE005F4CEF /* ToolCellInfo.h */ = {isa = PBXFileReference; fileEncoding = 4; lastKnownFileType = sourcecode.c.h; path = ToolCellInfo.h; sourceTree = "<group>"; };
		6B24521D1A0A57AE005F4CEF /* ToolCellInfo.m */ = {isa = PBXFileReference; fileEncoding = 4; lastKnownFileType = sourcecode.c.objc; path = ToolCellInfo.m; sourceTree = "<group>"; };
		6B24521F1A0B46CD005F4CEF /* UIImageView+Cropping.h */ = {isa = PBXFileReference; fileEncoding = 4; lastKnownFileType = sourcecode.c.h; path = "UIImageView+Cropping.h"; sourceTree = "<group>"; };
		6B2452201A0B46CD005F4CEF /* UIImageView+Cropping.m */ = {isa = PBXFileReference; fileEncoding = 4; lastKnownFileType = sourcecode.c.objc; path = "UIImageView+Cropping.m"; sourceTree = "<group>"; };
		6B691EB81A0939AC00931CF9 /* PhotoCell.h */ = {isa = PBXFileReference; fileEncoding = 4; lastKnownFileType = sourcecode.c.h; path = PhotoCell.h; sourceTree = "<group>"; };
		6B691EB91A0939AC00931CF9 /* PhotoCell.m */ = {isa = PBXFileReference; fileEncoding = 4; lastKnownFileType = sourcecode.c.objc; path = PhotoCell.m; sourceTree = "<group>"; };
		6BA831D31A109D2A007F549D /* TunePhotoViewController.h */ = {isa = PBXFileReference; fileEncoding = 4; lastKnownFileType = sourcecode.c.h; path = TunePhotoViewController.h; sourceTree = "<group>"; };
		6BA831D41A109D2A007F549D /* TunePhotoViewController.m */ = {isa = PBXFileReference; fileEncoding = 4; lastKnownFileType = sourcecode.c.objc; path = TunePhotoViewController.m; sourceTree = "<group>"; };
		6BE9A9F41A0C74B600EB2DE8 /* AVFoundation.framework */ = {isa = PBXFileReference; lastKnownFileType = wrapper.framework; name = AVFoundation.framework; path = System/Library/Frameworks/AVFoundation.framework; sourceTree = SDKROOT; };
		6BE9A9F61A0CFB5600EB2DE8 /* NoAnimationSegue.h */ = {isa = PBXFileReference; fileEncoding = 4; lastKnownFileType = sourcecode.c.h; path = NoAnimationSegue.h; sourceTree = "<group>"; };
		6BE9A9F71A0CFB5600EB2DE8 /* NoAnimationSegue.m */ = {isa = PBXFileReference; fileEncoding = 4; lastKnownFileType = sourcecode.c.objc; path = NoAnimationSegue.m; sourceTree = "<group>"; };
		6BE9AA031A0CFDD400EB2DE8 /* CroppingPhotoViewController.h */ = {isa = PBXFileReference; fileEncoding = 4; lastKnownFileType = sourcecode.c.h; path = CroppingPhotoViewController.h; sourceTree = "<group>"; };
		6BE9AA041A0CFDD400EB2DE8 /* CroppingPhotoViewController.m */ = {isa = PBXFileReference; fileEncoding = 4; lastKnownFileType = sourcecode.c.objc; path = CroppingPhotoViewController.m; sourceTree = "<group>"; };
/* End PBXFileReference section */

/* Begin PBXFrameworksBuildPhase section */
		6B2451A91A0908AA005F4CEF /* Frameworks */ = {
			isa = PBXFrameworksBuildPhase;
			buildActionMask = 2147483647;
			files = (
				6BE9A9F51A0C74B600EB2DE8 /* AVFoundation.framework in Frameworks */,
			);
			runOnlyForDeploymentPostprocessing = 0;
		};
		6B2451C51A0908AA005F4CEF /* Frameworks */ = {
			isa = PBXFrameworksBuildPhase;
			buildActionMask = 2147483647;
			files = (
			);
			runOnlyForDeploymentPostprocessing = 0;
		};
/* End PBXFrameworksBuildPhase section */

/* Begin PBXGroup section */
		6B2451A31A0908AA005F4CEF = {
			isa = PBXGroup;
			children = (
				6BE9A9F41A0C74B600EB2DE8 /* AVFoundation.framework */,
				6B2451AE1A0908AA005F4CEF /* Beaver */,
				6B2451CB1A0908AA005F4CEF /* BeaverTests */,
				6B2451AD1A0908AA005F4CEF /* Products */,
			);
			sourceTree = "<group>";
		};
		6B2451AD1A0908AA005F4CEF /* Products */ = {
			isa = PBXGroup;
			children = (
				6B2451AC1A0908AA005F4CEF /* Beaver.app */,
				6B2451C81A0908AA005F4CEF /* BeaverTests.xctest */,
			);
			name = Products;
			sourceTree = "<group>";
		};
		6B2451AE1A0908AA005F4CEF /* Beaver */ = {
			isa = PBXGroup;
			children = (
				6B2451DA1A091517005F4CEF /* App Delegate */,
				6BE9A9F91A0CFC4200EB2DE8 /* Segues */,
				6B2452181A0A4402005F4CEF /* Models */,
				6B2451D91A091505005F4CEF /* Controllers */,
				6B2451D81A0914FB005F4CEF /* Views */,
				6B2451DB1A09152C005F4CEF /* Core Data Models */,
				6B2451BF1A0908AA005F4CEF /* Images.xcassets */,
				6B2451AF1A0908AA005F4CEF /* Supporting Files */,
			);
			path = Beaver;
			sourceTree = "<group>";
		};
		6B2451AF1A0908AA005F4CEF /* Supporting Files */ = {
			isa = PBXGroup;
			children = (
				6B2451C11A0908AA005F4CEF /* LaunchScreen.xib */,
				6B2451B01A0908AA005F4CEF /* Info.plist */,
				6B2451B11A0908AA005F4CEF /* main.m */,
				6B2451DC1A09158C005F4CEF /* Logs.h */,
			);
			name = "Supporting Files";
			sourceTree = "<group>";
		};
		6B2451CB1A0908AA005F4CEF /* BeaverTests */ = {
			isa = PBXGroup;
			children = (
				6B2451CE1A0908AA005F4CEF /* BeaverTests.m */,
				6B2451CC1A0908AA005F4CEF /* Supporting Files */,
			);
			path = BeaverTests;
			sourceTree = "<group>";
		};
		6B2451CC1A0908AA005F4CEF /* Supporting Files */ = {
			isa = PBXGroup;
			children = (
				6B2451CD1A0908AA005F4CEF /* Info.plist */,
			);
			name = "Supporting Files";
			sourceTree = "<group>";
		};
		6B2451D81A0914FB005F4CEF /* Views */ = {
			isa = PBXGroup;
			children = (
				6B2451BC1A0908AA005F4CEF /* Main.storyboard */,
				6B691EB81A0939AC00931CF9 /* PhotoCell.h */,
				6B691EB91A0939AC00931CF9 /* PhotoCell.m */,
				6B2452151A0A2F45005F4CEF /* ToolCell.h */,
				6B2452161A0A2F45005F4CEF /* ToolCell.m */,
				6B24521F1A0B46CD005F4CEF /* UIImageView+Cropping.h */,
				6B2452201A0B46CD005F4CEF /* UIImageView+Cropping.m */,
			);
			name = Views;
			sourceTree = "<group>";
		};
		6B2451D91A091505005F4CEF /* Controllers */ = {
			isa = PBXGroup;
			children = (
				6B2451B91A0908AA005F4CEF /* MainViewController.h */,
				6B2451BA1A0908AA005F4CEF /* MainViewController.m */,
				6B2451DD1A09D010005F4CEF /* EditPhotoViewController.h */,
				6B2451DE1A09D010005F4CEF /* EditPhotoViewController.m */,
				6BE9AA031A0CFDD400EB2DE8 /* CroppingPhotoViewController.h */,
				6BE9AA041A0CFDD400EB2DE8 /* CroppingPhotoViewController.m */,
				6BA831D31A109D2A007F549D /* TunePhotoViewController.h */,
				6BA831D41A109D2A007F549D /* TunePhotoViewController.m */,
			);
			name = Controllers;
			sourceTree = "<group>";
		};
		6B2451DA1A091517005F4CEF /* App Delegate */ = {
			isa = PBXGroup;
			children = (
				6B2451B31A0908AA005F4CEF /* AppDelegate.h */,
				6B2451B41A0908AA005F4CEF /* AppDelegate.m */,
			);
			name = "App Delegate";
			sourceTree = "<group>";
		};
		6B2451DB1A09152C005F4CEF /* Core Data Models */ = {
			isa = PBXGroup;
			children = (
				6B2451B61A0908AA005F4CEF /* Beaver.xcdatamodeld */,
			);
			name = "Core Data Models";
			sourceTree = "<group>";
		};
		6B2452181A0A4402005F4CEF /* Models */ = {
			isa = PBXGroup;
			children = (
				6B24521C1A0A57AE005F4CEF /* ToolCellInfo.h */,
				6B24521D1A0A57AE005F4CEF /* ToolCellInfo.m */,
			);
			name = Models;
			sourceTree = "<group>";
		};
		6BE9A9F91A0CFC4200EB2DE8 /* Segues */ = {
			isa = PBXGroup;
			children = (
				6BE9A9F61A0CFB5600EB2DE8 /* NoAnimationSegue.h */,
				6BE9A9F71A0CFB5600EB2DE8 /* NoAnimationSegue.m */,
			);
			name = Segues;
			sourceTree = "<group>";
		};
/* End PBXGroup section */

/* Begin PBXNativeTarget section */
		6B2451AB1A0908AA005F4CEF /* Beaver */ = {
			isa = PBXNativeTarget;
			buildConfigurationList = 6B2451D21A0908AA005F4CEF /* Build configuration list for PBXNativeTarget "Beaver" */;
			buildPhases = (
				6B2451A81A0908AA005F4CEF /* Sources */,
				6B2451A91A0908AA005F4CEF /* Frameworks */,
				6B2451AA1A0908AA005F4CEF /* Resources */,
			);
			buildRules = (
			);
			dependencies = (
			);
			name = Beaver;
			productName = Beaver;
			productReference = 6B2451AC1A0908AA005F4CEF /* Beaver.app */;
			productType = "com.apple.product-type.application";
		};
		6B2451C71A0908AA005F4CEF /* BeaverTests */ = {
			isa = PBXNativeTarget;
			buildConfigurationList = 6B2451D51A0908AA005F4CEF /* Build configuration list for PBXNativeTarget "BeaverTests" */;
			buildPhases = (
				6B2451C41A0908AA005F4CEF /* Sources */,
				6B2451C51A0908AA005F4CEF /* Frameworks */,
				6B2451C61A0908AA005F4CEF /* Resources */,
			);
			buildRules = (
			);
			dependencies = (
				6B2451CA1A0908AA005F4CEF /* PBXTargetDependency */,
			);
			name = BeaverTests;
			productName = BeaverTests;
			productReference = 6B2451C81A0908AA005F4CEF /* BeaverTests.xctest */;
			productType = "com.apple.product-type.bundle.unit-test";
		};
/* End PBXNativeTarget section */

/* Begin PBXProject section */
		6B2451A41A0908AA005F4CEF /* Project object */ = {
			isa = PBXProject;
			attributes = {
				LastUpgradeCheck = 0600;
				ORGANIZATIONNAME = "Zhejiang University";
				TargetAttributes = {
					6B2451AB1A0908AA005F4CEF = {
						CreatedOnToolsVersion = 6.0.1;
					};
					6B2451C71A0908AA005F4CEF = {
						CreatedOnToolsVersion = 6.0.1;
						TestTargetID = 6B2451AB1A0908AA005F4CEF;
					};
				};
			};
			buildConfigurationList = 6B2451A71A0908AA005F4CEF /* Build configuration list for PBXProject "Beaver" */;
			compatibilityVersion = "Xcode 3.2";
			developmentRegion = English;
			hasScannedForEncodings = 0;
			knownRegions = (
				en,
				Base,
			);
			mainGroup = 6B2451A31A0908AA005F4CEF;
			productRefGroup = 6B2451AD1A0908AA005F4CEF /* Products */;
			projectDirPath = "";
			projectRoot = "";
			targets = (
				6B2451AB1A0908AA005F4CEF /* Beaver */,
				6B2451C71A0908AA005F4CEF /* BeaverTests */,
			);
		};
/* End PBXProject section */

/* Begin PBXResourcesBuildPhase section */
		6B2451AA1A0908AA005F4CEF /* Resources */ = {
			isa = PBXResourcesBuildPhase;
			buildActionMask = 2147483647;
			files = (
				6B2451BE1A0908AA005F4CEF /* Main.storyboard in Resources */,
				6B2451C31A0908AA005F4CEF /* LaunchScreen.xib in Resources */,
				6B2451C01A0908AA005F4CEF /* Images.xcassets in Resources */,
			);
			runOnlyForDeploymentPostprocessing = 0;
		};
		6B2451C61A0908AA005F4CEF /* Resources */ = {
			isa = PBXResourcesBuildPhase;
			buildActionMask = 2147483647;
			files = (
			);
			runOnlyForDeploymentPostprocessing = 0;
		};
/* End PBXResourcesBuildPhase section */

/* Begin PBXSourcesBuildPhase section */
		6B2451A81A0908AA005F4CEF /* Sources */ = {
			isa = PBXSourcesBuildPhase;
			buildActionMask = 2147483647;
			files = (
				6B2451B51A0908AA005F4CEF /* AppDelegate.m in Sources */,
				6BA831D51A109D2A007F549D /* TunePhotoViewController.m in Sources */,
				6B2452211A0B46CD005F4CEF /* UIImageView+Cropping.m in Sources */,
				6B2451DF1A09D010005F4CEF /* EditPhotoViewController.m in Sources */,
				6BE9AA051A0CFDD400EB2DE8 /* CroppingPhotoViewController.m in Sources */,
				6B2452171A0A2F45005F4CEF /* ToolCell.m in Sources */,
				6B24521E1A0A57AE005F4CEF /* ToolCellInfo.m in Sources */,
				6B691EBA1A0939AC00931CF9 /* PhotoCell.m in Sources */,
				6B2451B21A0908AA005F4CEF /* main.m in Sources */,
				6B2451BB1A0908AA005F4CEF /* MainViewController.m in Sources */,
				6B2451B81A0908AA005F4CEF /* Beaver.xcdatamodeld in Sources */,
				6BE9A9F81A0CFB5600EB2DE8 /* NoAnimationSegue.m in Sources */,
			);
			runOnlyForDeploymentPostprocessing = 0;
		};
		6B2451C41A0908AA005F4CEF /* Sources */ = {
			isa = PBXSourcesBuildPhase;
			buildActionMask = 2147483647;
			files = (
				6B2451CF1A0908AA005F4CEF /* BeaverTests.m in Sources */,
			);
			runOnlyForDeploymentPostprocessing = 0;
		};
/* End PBXSourcesBuildPhase section */

/* Begin PBXTargetDependency section */
		6B2451CA1A0908AA005F4CEF /* PBXTargetDependency */ = {
			isa = PBXTargetDependency;
			target = 6B2451AB1A0908AA005F4CEF /* Beaver */;
			targetProxy = 6B2451C91A0908AA005F4CEF /* PBXContainerItemProxy */;
		};
/* End PBXTargetDependency section */

/* Begin PBXVariantGroup section */
		6B2451BC1A0908AA005F4CEF /* Main.storyboard */ = {
			isa = PBXVariantGroup;
			children = (
				6B2451BD1A0908AA005F4CEF /* Base */,
			);
			name = Main.storyboard;
			sourceTree = "<group>";
		};
		6B2451C11A0908AA005F4CEF /* LaunchScreen.xib */ = {
			isa = PBXVariantGroup;
			children = (
				6B2451C21A0908AA005F4CEF /* Base */,
			);
			name = LaunchScreen.xib;
			sourceTree = "<group>";
		};
/* End PBXVariantGroup section */

/* Begin XCBuildConfiguration section */
		6B2451D01A0908AA005F4CEF /* Debug */ = {
			isa = XCBuildConfiguration;
			buildSettings = {
				ALWAYS_SEARCH_USER_PATHS = NO;
				CLANG_CXX_LANGUAGE_STANDARD = "gnu++0x";
				CLANG_CXX_LIBRARY = "libc++";
				CLANG_ENABLE_MODULES = YES;
				CLANG_ENABLE_OBJC_ARC = YES;
				CLANG_WARN_BOOL_CONVERSION = YES;
				CLANG_WARN_CONSTANT_CONVERSION = YES;
				CLANG_WARN_DIRECT_OBJC_ISA_USAGE = YES_ERROR;
				CLANG_WARN_EMPTY_BODY = YES;
				CLANG_WARN_ENUM_CONVERSION = YES;
				CLANG_WARN_INT_CONVERSION = YES;
				CLANG_WARN_OBJC_ROOT_CLASS = YES_ERROR;
				CLANG_WARN_UNREACHABLE_CODE = YES;
				CLANG_WARN__DUPLICATE_METHOD_MATCH = YES;
				"CODE_SIGN_IDENTITY[sdk=iphoneos*]" = "iPhone Developer";
				COPY_PHASE_STRIP = NO;
				ENABLE_STRICT_OBJC_MSGSEND = YES;
				GCC_C_LANGUAGE_STANDARD = gnu99;
				GCC_DYNAMIC_NO_PIC = NO;
				GCC_OPTIMIZATION_LEVEL = 0;
				GCC_PREPROCESSOR_DEFINITIONS = (
					"DEBUG=1",
					"$(inherited)",
				);
				GCC_SYMBOLS_PRIVATE_EXTERN = NO;
				GCC_WARN_64_TO_32_BIT_CONVERSION = YES;
				GCC_WARN_ABOUT_RETURN_TYPE = YES_ERROR;
				GCC_WARN_UNDECLARED_SELECTOR = YES;
				GCC_WARN_UNINITIALIZED_AUTOS = YES_AGGRESSIVE;
				GCC_WARN_UNUSED_FUNCTION = YES;
				GCC_WARN_UNUSED_VARIABLE = YES;
				IPHONEOS_DEPLOYMENT_TARGET = 8.0;
				MTL_ENABLE_DEBUG_INFO = YES;
				ONLY_ACTIVE_ARCH = YES;
				SDKROOT = iphoneos;
			};
			name = Debug;
		};
		6B2451D11A0908AA005F4CEF /* Release */ = {
			isa = XCBuildConfiguration;
			buildSettings = {
				ALWAYS_SEARCH_USER_PATHS = NO;
				CLANG_CXX_LANGUAGE_STANDARD = "gnu++0x";
				CLANG_CXX_LIBRARY = "libc++";
				CLANG_ENABLE_MODULES = YES;
				CLANG_ENABLE_OBJC_ARC = YES;
				CLANG_WARN_BOOL_CONVERSION = YES;
				CLANG_WARN_CONSTANT_CONVERSION = YES;
				CLANG_WARN_DIRECT_OBJC_ISA_USAGE = YES_ERROR;
				CLANG_WARN_EMPTY_BODY = YES;
				CLANG_WARN_ENUM_CONVERSION = YES;
				CLANG_WARN_INT_CONVERSION = YES;
				CLANG_WARN_OBJC_ROOT_CLASS = YES_ERROR;
				CLANG_WARN_UNREACHABLE_CODE = YES;
				CLANG_WARN__DUPLICATE_METHOD_MATCH = YES;
				"CODE_SIGN_IDENTITY[sdk=iphoneos*]" = "iPhone Developer";
				COPY_PHASE_STRIP = YES;
				ENABLE_NS_ASSERTIONS = NO;
				ENABLE_STRICT_OBJC_MSGSEND = YES;
				GCC_C_LANGUAGE_STANDARD = gnu99;
				GCC_WARN_64_TO_32_BIT_CONVERSION = YES;
				GCC_WARN_ABOUT_RETURN_TYPE = YES_ERROR;
				GCC_WARN_UNDECLARED_SELECTOR = YES;
				GCC_WARN_UNINITIALIZED_AUTOS = YES_AGGRESSIVE;
				GCC_WARN_UNUSED_FUNCTION = YES;
				GCC_WARN_UNUSED_VARIABLE = YES;
				IPHONEOS_DEPLOYMENT_TARGET = 8.0;
				MTL_ENABLE_DEBUG_INFO = NO;
				SDKROOT = iphoneos;
				VALIDATE_PRODUCT = YES;
			};
			name = Release;
		};
		6B2451D31A0908AA005F4CEF /* Debug */ = {
			isa = XCBuildConfiguration;
			buildSettings = {
				ASSETCATALOG_COMPILER_APPICON_NAME = AppIcon;
				INFOPLIST_FILE = Beaver/Info.plist;
				IPHONEOS_DEPLOYMENT_TARGET = 7.0;
				LD_RUNPATH_SEARCH_PATHS = "$(inherited) @executable_path/Frameworks";
				PRODUCT_NAME = "$(TARGET_NAME)";
			};
			name = Debug;
		};
		6B2451D41A0908AA005F4CEF /* Release */ = {
			isa = XCBuildConfiguration;
			buildSettings = {
				ASSETCATALOG_COMPILER_APPICON_NAME = AppIcon;
				INFOPLIST_FILE = Beaver/Info.plist;
				IPHONEOS_DEPLOYMENT_TARGET = 7.0;
				LD_RUNPATH_SEARCH_PATHS = "$(inherited) @executable_path/Frameworks";
				PRODUCT_NAME = "$(TARGET_NAME)";
			};
			name = Release;
		};
		6B2451D61A0908AA005F4CEF /* Debug */ = {
			isa = XCBuildConfiguration;
			buildSettings = {
				BUNDLE_LOADER = "$(TEST_HOST)";
				FRAMEWORK_SEARCH_PATHS = (
					"$(SDKROOT)/Developer/Library/Frameworks",
					"$(inherited)",
				);
				GCC_PREPROCESSOR_DEFINITIONS = (
					"DEBUG=1",
					"$(inherited)",
				);
				INFOPLIST_FILE = BeaverTests/Info.plist;
				LD_RUNPATH_SEARCH_PATHS = "$(inherited) @executable_path/Frameworks @loader_path/Frameworks";
				PRODUCT_NAME = "$(TARGET_NAME)";
				TEST_HOST = "$(BUILT_PRODUCTS_DIR)/Beaver.app/Beaver";
			};
			name = Debug;
		};
		6B2451D71A0908AA005F4CEF /* Release */ = {
			isa = XCBuildConfiguration;
			buildSettings = {
				BUNDLE_LOADER = "$(TEST_HOST)";
				FRAMEWORK_SEARCH_PATHS = (
					"$(SDKROOT)/Developer/Library/Frameworks",
					"$(inherited)",
				);
				INFOPLIST_FILE = BeaverTests/Info.plist;
				LD_RUNPATH_SEARCH_PATHS = "$(inherited) @executable_path/Frameworks @loader_path/Frameworks";
				PRODUCT_NAME = "$(TARGET_NAME)";
				TEST_HOST = "$(BUILT_PRODUCTS_DIR)/Beaver.app/Beaver";
			};
			name = Release;
		};
/* End XCBuildConfiguration section */

/* Begin XCConfigurationList section */
		6B2451A71A0908AA005F4CEF /* Build configuration list for PBXProject "Beaver" */ = {
			isa = XCConfigurationList;
			buildConfigurations = (
				6B2451D01A0908AA005F4CEF /* Debug */,
				6B2451D11A0908AA005F4CEF /* Release */,
			);
			defaultConfigurationIsVisible = 0;
			defaultConfigurationName = Release;
		};
		6B2451D21A0908AA005F4CEF /* Build configuration list for PBXNativeTarget "Beaver" */ = {
			isa = XCConfigurationList;
			buildConfigurations = (
				6B2451D31A0908AA005F4CEF /* Debug */,
				6B2451D41A0908AA005F4CEF /* Release */,
			);
			defaultConfigurationIsVisible = 0;
			defaultConfigurationName = Release;
		};
		6B2451D51A0908AA005F4CEF /* Build configuration list for PBXNativeTarget "BeaverTests" */ = {
			isa = XCConfigurationList;
			buildConfigurations = (
				6B2451D61A0908AA005F4CEF /* Debug */,
				6B2451D71A0908AA005F4CEF /* Release */,
			);
			defaultConfigurationIsVisible = 0;
			defaultConfigurationName = Release;
		};
/* End XCConfigurationList section */

/* Begin XCVersionGroup section */
		6B2451B61A0908AA005F4CEF /* Beaver.xcdatamodeld */ = {
			isa = XCVersionGroup;
			children = (
				6B2451B71A0908AA005F4CEF /* Beaver.xcdatamodel */,
			);
			currentVersion = 6B2451B71A0908AA005F4CEF /* Beaver.xcdatamodel */;
			path = Beaver.xcdatamodeld;
			sourceTree = "<group>";
			versionGroupType = wrapper.xcdatamodel;
		};
/* End XCVersionGroup section */
	};
	rootObject = 6B2451A41A0908AA005F4CEF /* Project object */;
}
